
Microsoft Visual Studio Solution File, Format Version 12.00
# Visual Studio Version 16
VisualStudioVersion = 16.0.31313.79
MinimumVisualStudioVersion = 10.0.40219.1
Project("{FAE04EC0-301F-11D3-BF4B-00C04F79EFBC}") = "Chess", "Chess.csproj", "{1EE868D1-7F44-4773-8A0C-E5A6FD0B1855}"
EndProject
Global
	GlobalSection(SolutionConfigurationPlatforms) = preSolution
		Debug|Any CPU = Debug|Any CPU
		Release|Any CPU = Release|Any CPU
	EndGlobalSection
	GlobalSection(ProjectConfigurationPlatforms) = postSolution
		{1EE868D1-7F44-4773-8A0C-E5A6FD0B1855}.Debug|Any CPU.ActiveCfg = Debug|Any CPU
		{1EE868D1-7F44-4773-8A0C-E5A6FD0B1855}.Debug|Any CPU.Build.0 = Debug|Any CPU
		{1EE868D1-7F44-4773-8A0C-E5A6FD0B1855}.Release|Any CPU.ActiveCfg = Release|Any CPU
		{1EE868D1-7F44-4773-8A0C-E5A6FD0B1855}.Release|Any CPU.Build.0 = Release|Any CPU
	EndGlobalSection
	GlobalSection(SolutionProperties) = preSolution
		HideSolutionNode = FALSE
	EndGlobalSection
	GlobalSection(ExtensibilityGlobals) = postSolution
		SolutionGuid = {47888863-90D5-4277-A5F5-FA3D7E0FA808}
	EndGlobalSection
EndGlobal
